
Microsoft Visual Studio Solution File, Format Version 12.00
# Visual Studio Version 17
VisualStudioVersion = 17.8.34227.203
MinimumVisualStudioVersion = 10.0.40219.1
Project("{9A19103F-16F7-4668-BE54-9A1E7A4F7556}") = "JwtWebAPI", "JwtWebAPI.csproj", "{456BE10F-D139-4636-BEB7-6CC85C080221}"
EndProject
Project("{2150E333-8FDC-42A3-9474-1A3956D46DE8}") = "Solution Items", "Solution Items", "{73E4F2E3-B61C-415F-9AF7-243195D3BAF4}"
	ProjectSection(SolutionItems) = preProject
		.editorconfig = .editorconfig
	EndProjectSection
EndProject
Global
	GlobalSection(SolutionConfigurationPlatforms) = preSolution
		Debug|Any CPU = Debug|Any CPU
		Release|Any CPU = Release|Any CPU
	EndGlobalSection
	GlobalSection(ProjectConfigurationPlatforms) = postSolution
		{456BE10F-D139-4636-BEB7-6CC85C080221}.Debug|Any CPU.ActiveCfg = Debug|Any CPU
		{456BE10F-D139-4636-BEB7-6CC85C080221}.Debug|Any CPU.Build.0 = Debug|Any CPU
		{456BE10F-D139-4636-BEB7-6CC85C080221}.Release|Any CPU.ActiveCfg = Release|Any CPU
		{456BE10F-D139-4636-BEB7-6CC85C080221}.Release|Any CPU.Build.0 = Release|Any CPU
	EndGlobalSection
	GlobalSection(SolutionProperties) = preSolution
		HideSolutionNode = FALSE
	EndGlobalSection
	GlobalSection(ExtensibilityGlobals) = postSolution
		SolutionGuid = {77A7E014-8443-4F9A-9F2D-B5322250650E}
	EndGlobalSection
EndGlobal
